
Microsoft Visual Studio Solution File, Format Version 12.00
# Visual Studio Version 16
VisualStudioVersion = 16.0.30907.101
MinimumVisualStudioVersion = 10.0.40219.1
Project("{9A19103F-16F7-4668-BE54-9A1E7A4F7556}") = "WeatherDataApp", "WeatherData\WeatherDataApp.csproj", "{6F8CBF0D-4967-43AD-AABF-C43287FEFDC3}"
EndProject
Global
	GlobalSection(SolutionConfigurationPlatforms) = preSolution
		Debug|Any CPU = Debug|Any CPU
		Release|Any CPU = Release|Any CPU
	EndGlobalSection
	GlobalSection(ProjectConfigurationPlatforms) = postSolution
		{6F8CBF0D-4967-43AD-AABF-C43287FEFDC3}.Debug|Any CPU.ActiveCfg = Debug|Any CPU
		{6F8CBF0D-4967-43AD-AABF-C43287FEFDC3}.Debug|Any CPU.Build.0 = Debug|Any CPU
		{6F8CBF0D-4967-43AD-AABF-C43287FEFDC3}.Release|Any CPU.ActiveCfg = Release|Any CPU
		{6F8CBF0D-4967-43AD-AABF-C43287FEFDC3}.Release|Any CPU.Build.0 = Release|Any CPU
	EndGlobalSection
	GlobalSection(SolutionProperties) = preSolution
		HideSolutionNode = FALSE
	EndGlobalSection
	GlobalSection(ExtensibilityGlobals) = postSolution
		SolutionGuid = {42258CCA-8399-4959-B6A1-344E0333A028}
	EndGlobalSection
EndGlobal
